
Microsoft Visual Studio Solution File, Format Version 12.00
# Visual Studio Version 17
VisualStudioVersion = 17.2.32602.215
MinimumVisualStudioVersion = 10.0.40219.1
Project("{FAE04EC0-301F-11D3-BF4B-00C04F79EFBC}") = "AreaLib", "AreaLib\AreaLib.csproj", "{CA690A2C-55A8-4A78-B39C-56BA9627B001}"
EndProject
Global
	GlobalSection(SolutionConfigurationPlatforms) = preSolution
		Debug|Any CPU = Debug|Any CPU
		Release|Any CPU = Release|Any CPU
	EndGlobalSection
	GlobalSection(ProjectConfigurationPlatforms) = postSolution
		{CA690A2C-55A8-4A78-B39C-56BA9627B001}.Debug|Any CPU.ActiveCfg = Debug|Any CPU
		{CA690A2C-55A8-4A78-B39C-56BA9627B001}.Debug|Any CPU.Build.0 = Debug|Any CPU
		{CA690A2C-55A8-4A78-B39C-56BA9627B001}.Release|Any CPU.ActiveCfg = Release|Any CPU
		{CA690A2C-55A8-4A78-B39C-56BA9627B001}.Release|Any CPU.Build.0 = Release|Any CPU
	EndGlobalSection
	GlobalSection(SolutionProperties) = preSolution
		HideSolutionNode = FALSE
	EndGlobalSection
	GlobalSection(ExtensibilityGlobals) = postSolution
		SolutionGuid = {01393503-36D8-4CAF-9E19-6379BD3F3DCC}
	EndGlobalSection
EndGlobal
