
Microsoft Visual Studio Solution File, Format Version 12.00
# Visual Studio Version 17
VisualStudioVersion = 17.2.32602.215
MinimumVisualStudioVersion = 10.0.40219.1
Project("{FAE04EC0-301F-11D3-BF4B-00C04F79EFBC}") = "AreaLib", "AreaLib\AreaLib.csproj", "{CA690A2C-55A8-4A78-B39C-56BA9627B001}"
EndProject
Project("{FAE04EC0-301F-11D3-BF4B-00C04F79EFBC}") = "Tests", "Tests\Tests.csproj", "{F5FE6DBE-7632-47AF-8F89-85A14CF85696}"
EndProject
Project("{2150E333-8FDC-42A3-9474-1A3956D46DE8}") = "Элементы решения", "Элементы решения", "{878DC742-4042-45A3-AD19-C9FBC96E6EF0}"
	ProjectSection(SolutionItems) = preProject
		SqlQuery.sql = SqlQuery.sql
	EndProjectSection
EndProject
Global
	GlobalSection(SolutionConfigurationPlatforms) = preSolution
		Debug|Any CPU = Debug|Any CPU
		Release|Any CPU = Release|Any CPU
	EndGlobalSection
	GlobalSection(ProjectConfigurationPlatforms) = postSolution
		{CA690A2C-55A8-4A78-B39C-56BA9627B001}.Debug|Any CPU.ActiveCfg = Debug|Any CPU
		{CA690A2C-55A8-4A78-B39C-56BA9627B001}.Debug|Any CPU.Build.0 = Debug|Any CPU
		{CA690A2C-55A8-4A78-B39C-56BA9627B001}.Release|Any CPU.ActiveCfg = Release|Any CPU
		{CA690A2C-55A8-4A78-B39C-56BA9627B001}.Release|Any CPU.Build.0 = Release|Any CPU
		{F5FE6DBE-7632-47AF-8F89-85A14CF85696}.Debug|Any CPU.ActiveCfg = Debug|Any CPU
		{F5FE6DBE-7632-47AF-8F89-85A14CF85696}.Debug|Any CPU.Build.0 = Debug|Any CPU
		{F5FE6DBE-7632-47AF-8F89-85A14CF85696}.Release|Any CPU.ActiveCfg = Release|Any CPU
		{F5FE6DBE-7632-47AF-8F89-85A14CF85696}.Release|Any CPU.Build.0 = Release|Any CPU
	EndGlobalSection
	GlobalSection(SolutionProperties) = preSolution
		HideSolutionNode = FALSE
	EndGlobalSection
	GlobalSection(ExtensibilityGlobals) = postSolution
		SolutionGuid = {01393503-36D8-4CAF-9E19-6379BD3F3DCC}
	EndGlobalSection
EndGlobal
